
Microsoft Visual Studio Solution File, Format Version 12.00
# Visual Studio Version 17
VisualStudioVersion = 17.0.31903.59
MinimumVisualStudioVersion = 10.0.40219.1
Project("{FAE04EC0-301F-11D3-BF4B-00C04F79EFBC}") = "Painel", "src\Painel\Painel.csproj", "{D5EF26CF-C461-4FCC-AD40-9757EFF5E102}"
EndProject
Global
	GlobalSection(SolutionConfigurationPlatforms) = preSolution
		Debug|Any CPU = Debug|Any CPU
		Release|Any CPU = Release|Any CPU
	EndGlobalSection
	GlobalSection(ProjectConfigurationPlatforms) = postSolution
		{D5EF26CF-C461-4FCC-AD40-9757EFF5E102}.Debug|Any CPU.ActiveCfg = Debug|Any CPU
		{D5EF26CF-C461-4FCC-AD40-9757EFF5E102}.Debug|Any CPU.Build.0 = Debug|Any CPU
		{D5EF26CF-C461-4FCC-AD40-9757EFF5E102}.Release|Any CPU.ActiveCfg = Release|Any CPU
		{D5EF26CF-C461-4FCC-AD40-9757EFF5E102}.Release|Any CPU.Build.0 = Release|Any CPU
	EndGlobalSection
	GlobalSection(SolutionProperties) = preSolution
		HideSolutionNode = FALSE
	EndGlobalSection
	GlobalSection(ExtensibilityGlobals) = postSolution
		SolutionGuid = {8CCFCD10-FAE6-4116-8A6C-CAE7D83ADC59}
	EndGlobalSection
EndGlobal
